
Microsoft Visual Studio Solution File, Format Version 12.00
# Visual Studio 15
VisualStudioVersion = 15.0.28307.960
MinimumVisualStudioVersion = 10.0.40219.1
Project("{FAE04EC0-301F-11D3-BF4B-00C04F79EFBC}") = "TestClientRuffle", "TestClientRuffle\TestClientRuffle.csproj", "{CDDDAE53-FBF4-4FAE-8C45-89B027DCA318}"
EndProject
Project("{FAE04EC0-301F-11D3-BF4B-00C04F79EFBC}") = "TestServerRuffle", "TestServerRuffle\TestServerRuffle.csproj", "{B7A26651-FB82-4394-988D-D4AF4AB5BFF6}"
EndProject
Global
	GlobalSection(SolutionConfigurationPlatforms) = preSolution
		Debug|Any CPU = Debug|Any CPU
		Release|Any CPU = Release|Any CPU
	EndGlobalSection
	GlobalSection(ProjectConfigurationPlatforms) = postSolution
		{CDDDAE53-FBF4-4FAE-8C45-89B027DCA318}.Debug|Any CPU.ActiveCfg = Debug|Any CPU
		{CDDDAE53-FBF4-4FAE-8C45-89B027DCA318}.Debug|Any CPU.Build.0 = Debug|Any CPU
		{CDDDAE53-FBF4-4FAE-8C45-89B027DCA318}.Release|Any CPU.ActiveCfg = Release|Any CPU
		{CDDDAE53-FBF4-4FAE-8C45-89B027DCA318}.Release|Any CPU.Build.0 = Release|Any CPU
		{B7A26651-FB82-4394-988D-D4AF4AB5BFF6}.Debug|Any CPU.ActiveCfg = Debug|Any CPU
		{B7A26651-FB82-4394-988D-D4AF4AB5BFF6}.Debug|Any CPU.Build.0 = Debug|Any CPU
		{B7A26651-FB82-4394-988D-D4AF4AB5BFF6}.Release|Any CPU.ActiveCfg = Release|Any CPU
		{B7A26651-FB82-4394-988D-D4AF4AB5BFF6}.Release|Any CPU.Build.0 = Release|Any CPU
	EndGlobalSection
	GlobalSection(SolutionProperties) = preSolution
		HideSolutionNode = FALSE
	EndGlobalSection
	GlobalSection(ExtensibilityGlobals) = postSolution
		SolutionGuid = {7EC3BB53-E7DE-49AC-A6E8-29C3F5339D84}
	EndGlobalSection
EndGlobal
